
Microsoft Visual Studio Solution File, Format Version 12.00
# Visual Studio Version 17
VisualStudioVersion = 17.13.35931.197 d17.13
MinimumVisualStudioVersion = 10.0.40219.1
Project("{FAE04EC0-301F-11D3-BF4B-00C04F79EFBC}") = "tvtlessone07", "tvtlessone07.csproj", "{92C7E3D9-68B8-4C90-AFD3-F23C26AB7377}"
EndProject
Global
	GlobalSection(SolutionConfigurationPlatforms) = preSolution
		Debug|Any CPU = Debug|Any CPU
		Release|Any CPU = Release|Any CPU
	EndGlobalSection
	GlobalSection(ProjectConfigurationPlatforms) = postSolution
		{92C7E3D9-68B8-4C90-AFD3-F23C26AB7377}.Debug|Any CPU.ActiveCfg = Debug|Any CPU
		{92C7E3D9-68B8-4C90-AFD3-F23C26AB7377}.Debug|Any CPU.Build.0 = Debug|Any CPU
		{92C7E3D9-68B8-4C90-AFD3-F23C26AB7377}.Release|Any CPU.ActiveCfg = Release|Any CPU
		{92C7E3D9-68B8-4C90-AFD3-F23C26AB7377}.Release|Any CPU.Build.0 = Release|Any CPU
	EndGlobalSection
	GlobalSection(SolutionProperties) = preSolution
		HideSolutionNode = FALSE
	EndGlobalSection
	GlobalSection(ExtensibilityGlobals) = postSolution
		SolutionGuid = {5255D549-A20A-499E-A954-90F5CBA7C582}
	EndGlobalSection
EndGlobal
