
Microsoft Visual Studio Solution File, Format Version 12.00
# Visual Studio Version 17
VisualStudioVersion = 17.13.35931.197 d17.13
MinimumVisualStudioVersion = 10.0.40219.1
Project("{FAE04EC0-301F-11D3-BF4B-00C04F79EFBC}") = "tvtlap06", "tvtlap06.csproj", "{8B7B7541-7530-42D4-BAE4-A1CD24DDCA36}"
EndProject
Global
	GlobalSection(SolutionConfigurationPlatforms) = preSolution
		Debug|Any CPU = Debug|Any CPU
		Release|Any CPU = Release|Any CPU
	EndGlobalSection
	GlobalSection(ProjectConfigurationPlatforms) = postSolution
		{8B7B7541-7530-42D4-BAE4-A1CD24DDCA36}.Debug|Any CPU.ActiveCfg = Debug|Any CPU
		{8B7B7541-7530-42D4-BAE4-A1CD24DDCA36}.Debug|Any CPU.Build.0 = Debug|Any CPU
		{8B7B7541-7530-42D4-BAE4-A1CD24DDCA36}.Release|Any CPU.ActiveCfg = Release|Any CPU
		{8B7B7541-7530-42D4-BAE4-A1CD24DDCA36}.Release|Any CPU.Build.0 = Release|Any CPU
	EndGlobalSection
	GlobalSection(SolutionProperties) = preSolution
		HideSolutionNode = FALSE
	EndGlobalSection
	GlobalSection(ExtensibilityGlobals) = postSolution
		SolutionGuid = {2BEF7D27-17F9-4962-8CC5-7AD6832EF792}
	EndGlobalSection
EndGlobal
