
Microsoft Visual Studio Solution File, Format Version 12.00
# Visual Studio Version 17
VisualStudioVersion = 17.14.36221.1 d17.14
MinimumVisualStudioVersion = 10.0.40219.1
Project("{FAE04EC0-301F-11D3-BF4B-00C04F79EFBC}") = "tavantan_cntt3_231090095", "tavantan_cntt3_231090095.csproj", "{4EB67389-9B34-4938-886F-9DD8A5A376B4}"
EndProject
Global
	GlobalSection(SolutionConfigurationPlatforms) = preSolution
		Debug|Any CPU = Debug|Any CPU
		Release|Any CPU = Release|Any CPU
	EndGlobalSection
	GlobalSection(ProjectConfigurationPlatforms) = postSolution
		{4EB67389-9B34-4938-886F-9DD8A5A376B4}.Debug|Any CPU.ActiveCfg = Debug|Any CPU
		{4EB67389-9B34-4938-886F-9DD8A5A376B4}.Debug|Any CPU.Build.0 = Debug|Any CPU
		{4EB67389-9B34-4938-886F-9DD8A5A376B4}.Release|Any CPU.ActiveCfg = Release|Any CPU
		{4EB67389-9B34-4938-886F-9DD8A5A376B4}.Release|Any CPU.Build.0 = Release|Any CPU
	EndGlobalSection
	GlobalSection(SolutionProperties) = preSolution
		HideSolutionNode = FALSE
	EndGlobalSection
	GlobalSection(ExtensibilityGlobals) = postSolution
		SolutionGuid = {B918F724-5983-4014-B73D-61BE4B0130D1}
	EndGlobalSection
EndGlobal
